
Microsoft Visual Studio Solution File, Format Version 12.00
# Visual Studio Version 17
VisualStudioVersion = 17.14.36401.2 d17.14
MinimumVisualStudioVersion = 10.0.40219.1
Project("{FAE04EC0-301F-11D3-BF4B-00C04F79EFBC}") = "webapiteste", "webapiteste\webapiteste.csproj", "{B4F858D3-E7DD-4BEF-8861-8723AA0E1B62}"
EndProject
Global
	GlobalSection(SolutionConfigurationPlatforms) = preSolution
		Debug|Any CPU = Debug|Any CPU
		Release|Any CPU = Release|Any CPU
	EndGlobalSection
	GlobalSection(ProjectConfigurationPlatforms) = postSolution
		{B4F858D3-E7DD-4BEF-8861-8723AA0E1B62}.Debug|Any CPU.ActiveCfg = Debug|Any CPU
		{B4F858D3-E7DD-4BEF-8861-8723AA0E1B62}.Debug|Any CPU.Build.0 = Debug|Any CPU
		{B4F858D3-E7DD-4BEF-8861-8723AA0E1B62}.Release|Any CPU.ActiveCfg = Release|Any CPU
		{B4F858D3-E7DD-4BEF-8861-8723AA0E1B62}.Release|Any CPU.Build.0 = Release|Any CPU
	EndGlobalSection
	GlobalSection(SolutionProperties) = preSolution
		HideSolutionNode = FALSE
	EndGlobalSection
	GlobalSection(ExtensibilityGlobals) = postSolution
		SolutionGuid = {3AB76948-AC14-43F3-96D3-25861BBF8D3D}
	EndGlobalSection
EndGlobal
